
Microsoft Visual Studio Solution File, Format Version 12.00
# Visual Studio Version 17
VisualStudioVersion = 17.6.33815.320
MinimumVisualStudioVersion = 10.0.40219.1
Project("{FAE04EC0-301F-11D3-BF4B-00C04F79EFBC}") = "back_mascota", "back_mascota\back_mascota.csproj", "{597CF1B7-7D25-4BA9-BCD3-067811CA6E3B}"
EndProject
Global
	GlobalSection(SolutionConfigurationPlatforms) = preSolution
		Debug|Any CPU = Debug|Any CPU
		Release|Any CPU = Release|Any CPU
	EndGlobalSection
	GlobalSection(ProjectConfigurationPlatforms) = postSolution
		{597CF1B7-7D25-4BA9-BCD3-067811CA6E3B}.Debug|Any CPU.ActiveCfg = Debug|Any CPU
		{597CF1B7-7D25-4BA9-BCD3-067811CA6E3B}.Debug|Any CPU.Build.0 = Debug|Any CPU
		{597CF1B7-7D25-4BA9-BCD3-067811CA6E3B}.Release|Any CPU.ActiveCfg = Release|Any CPU
		{597CF1B7-7D25-4BA9-BCD3-067811CA6E3B}.Release|Any CPU.Build.0 = Release|Any CPU
	EndGlobalSection
	GlobalSection(SolutionProperties) = preSolution
		HideSolutionNode = FALSE
	EndGlobalSection
	GlobalSection(ExtensibilityGlobals) = postSolution
		SolutionGuid = {5ED04E86-1AD5-4185-84FE-5EBDBCF71676}
	EndGlobalSection
EndGlobal
